
Microsoft Visual Studio Solution File, Format Version 12.00
# Visual Studio 15
VisualStudioVersion = 15.0.27428.2043
MinimumVisualStudioVersion = 10.0.40219.1
Project("{FAE04EC0-301F-11D3-BF4B-00C04F79EFBC}") = "QuoteAndSettlement", "QuoteAndSettlement\QuoteAndSettlement.csproj", "{DA3D00C6-31FD-4081-86B9-415E1F0A9B47}"
EndProject
Project("{FAE04EC0-301F-11D3-BF4B-00C04F79EFBC}") = "CustomerRelationManager", "CustomerRelationManager\CustomerRelationManager.csproj", "{71BA596C-28CA-447F-A633-C7B5BECD4AFB}"
EndProject
Project("{FAE04EC0-301F-11D3-BF4B-00C04F79EFBC}") = "DataLayer", "DataLayer\DataLayer.csproj", "{FB7EAC60-8702-4C57-917B-383479BE2EB4}"
EndProject
Project("{FAE04EC0-301F-11D3-BF4B-00C04F79EFBC}") = "ModelLayer", "ModelLayer\ModelLayer.csproj", "{49801103-7138-4480-B94A-2715D541209A}"
EndProject
Project("{FAE04EC0-301F-11D3-BF4B-00C04F79EFBC}") = "ViewModelLayer", "ViewModelLayer\ViewModelLayer.csproj", "{7B4ADCDF-B9BC-4C80-8203-A31F38857EDB}"
EndProject
Global
	GlobalSection(SolutionConfigurationPlatforms) = preSolution
		Debug|Any CPU = Debug|Any CPU
		Release|Any CPU = Release|Any CPU
	EndGlobalSection
	GlobalSection(ProjectConfigurationPlatforms) = postSolution
		{DA3D00C6-31FD-4081-86B9-415E1F0A9B47}.Debug|Any CPU.ActiveCfg = Debug|Any CPU
		{DA3D00C6-31FD-4081-86B9-415E1F0A9B47}.Debug|Any CPU.Build.0 = Debug|Any CPU
		{DA3D00C6-31FD-4081-86B9-415E1F0A9B47}.Release|Any CPU.ActiveCfg = Release|Any CPU
		{DA3D00C6-31FD-4081-86B9-415E1F0A9B47}.Release|Any CPU.Build.0 = Release|Any CPU
		{71BA596C-28CA-447F-A633-C7B5BECD4AFB}.Debug|Any CPU.ActiveCfg = Debug|Any CPU
		{71BA596C-28CA-447F-A633-C7B5BECD4AFB}.Debug|Any CPU.Build.0 = Debug|Any CPU
		{71BA596C-28CA-447F-A633-C7B5BECD4AFB}.Release|Any CPU.ActiveCfg = Release|Any CPU
		{71BA596C-28CA-447F-A633-C7B5BECD4AFB}.Release|Any CPU.Build.0 = Release|Any CPU
		{FB7EAC60-8702-4C57-917B-383479BE2EB4}.Debug|Any CPU.ActiveCfg = Debug|Any CPU
		{FB7EAC60-8702-4C57-917B-383479BE2EB4}.Debug|Any CPU.Build.0 = Debug|Any CPU
		{FB7EAC60-8702-4C57-917B-383479BE2EB4}.Release|Any CPU.ActiveCfg = Release|Any CPU
		{FB7EAC60-8702-4C57-917B-383479BE2EB4}.Release|Any CPU.Build.0 = Release|Any CPU
		{49801103-7138-4480-B94A-2715D541209A}.Debug|Any CPU.ActiveCfg = Debug|Any CPU
		{49801103-7138-4480-B94A-2715D541209A}.Debug|Any CPU.Build.0 = Debug|Any CPU
		{49801103-7138-4480-B94A-2715D541209A}.Release|Any CPU.ActiveCfg = Release|Any CPU
		{49801103-7138-4480-B94A-2715D541209A}.Release|Any CPU.Build.0 = Release|Any CPU
		{7B4ADCDF-B9BC-4C80-8203-A31F38857EDB}.Debug|Any CPU.ActiveCfg = Debug|Any CPU
		{7B4ADCDF-B9BC-4C80-8203-A31F38857EDB}.Debug|Any CPU.Build.0 = Debug|Any CPU
		{7B4ADCDF-B9BC-4C80-8203-A31F38857EDB}.Release|Any CPU.ActiveCfg = Release|Any CPU
		{7B4ADCDF-B9BC-4C80-8203-A31F38857EDB}.Release|Any CPU.Build.0 = Release|Any CPU
	EndGlobalSection
	GlobalSection(SolutionProperties) = preSolution
		HideSolutionNode = FALSE
	EndGlobalSection
	GlobalSection(ExtensibilityGlobals) = postSolution
		SolutionGuid = {B12EEC26-E6C9-4D61-BCF7-83EE9AAE9401}
	EndGlobalSection
EndGlobal
